
Microsoft Visual Studio Solution File, Format Version 12.00
# Visual Studio Version 17
VisualStudioVersion = 17.10.35013.160
MinimumVisualStudioVersion = 10.0.40219.1
Project("{FAE04EC0-301F-11D3-BF4B-00C04F79EFBC}") = "SISTEMA DE INVENTARIO", "SISTEMA DE INVENTARIO\SISTEMA DE INVENTARIO.csproj", "{75A03F7A-F293-4C9B-8061-8356A882663C}"
EndProject
Project("{FAE04EC0-301F-11D3-BF4B-00C04F79EFBC}") = "Models", "Models\Models.csproj", "{F6D68076-4F61-40B1-A7E1-2DE17C518BE7}"
EndProject
Project("{FAE04EC0-301F-11D3-BF4B-00C04F79EFBC}") = "ViewModels", "ViewModels\ViewModels.csproj", "{AB37EDA9-4724-42AB-8190-48D164E36B34}"
EndProject
Global
	GlobalSection(SolutionConfigurationPlatforms) = preSolution
		Debug|Any CPU = Debug|Any CPU
		Release|Any CPU = Release|Any CPU
	EndGlobalSection
	GlobalSection(ProjectConfigurationPlatforms) = postSolution
		{75A03F7A-F293-4C9B-8061-8356A882663C}.Debug|Any CPU.ActiveCfg = Debug|Any CPU
		{75A03F7A-F293-4C9B-8061-8356A882663C}.Debug|Any CPU.Build.0 = Debug|Any CPU
		{75A03F7A-F293-4C9B-8061-8356A882663C}.Release|Any CPU.ActiveCfg = Release|Any CPU
		{75A03F7A-F293-4C9B-8061-8356A882663C}.Release|Any CPU.Build.0 = Release|Any CPU
		{F6D68076-4F61-40B1-A7E1-2DE17C518BE7}.Debug|Any CPU.ActiveCfg = Debug|Any CPU
		{F6D68076-4F61-40B1-A7E1-2DE17C518BE7}.Debug|Any CPU.Build.0 = Debug|Any CPU
		{F6D68076-4F61-40B1-A7E1-2DE17C518BE7}.Release|Any CPU.ActiveCfg = Release|Any CPU
		{F6D68076-4F61-40B1-A7E1-2DE17C518BE7}.Release|Any CPU.Build.0 = Release|Any CPU
		{AB37EDA9-4724-42AB-8190-48D164E36B34}.Debug|Any CPU.ActiveCfg = Debug|Any CPU
		{AB37EDA9-4724-42AB-8190-48D164E36B34}.Debug|Any CPU.Build.0 = Debug|Any CPU
		{AB37EDA9-4724-42AB-8190-48D164E36B34}.Release|Any CPU.ActiveCfg = Release|Any CPU
		{AB37EDA9-4724-42AB-8190-48D164E36B34}.Release|Any CPU.Build.0 = Release|Any CPU
	EndGlobalSection
	GlobalSection(SolutionProperties) = preSolution
		HideSolutionNode = FALSE
	EndGlobalSection
	GlobalSection(ExtensibilityGlobals) = postSolution
		SolutionGuid = {771F85B1-B363-4326-8A84-2C6BE075A58B}
	EndGlobalSection
EndGlobal
